
Microsoft Visual Studio Solution File, Format Version 12.00
# Visual Studio Version 17
VisualStudioVersion = 17.2.32526.322
MinimumVisualStudioVersion = 10.0.40219.1
Project("{9A19103F-16F7-4668-BE54-9A1E7A4F7556}") = "dajet-metadata", "dajet-metadata\dajet-metadata.csproj", "{12108439-65CD-471E-87F3-FFF0E09DD56F}"
EndProject
Project("{9A19103F-16F7-4668-BE54-9A1E7A4F7556}") = "dajet-metadata-tests", "dajet-metadata-tests\dajet-metadata-tests.csproj", "{C7E0E8B2-B19D-4EB2-BDE7-7095C8AAF41F}"
EndProject
Project("{9A19103F-16F7-4668-BE54-9A1E7A4F7556}") = "dajet-metadata-console", "dajet-metadata-console\dajet-metadata-console.csproj", "{FA340672-33BF-4FF6-BE42-D48C68E29AA3}"
EndProject
Project("{9A19103F-16F7-4668-BE54-9A1E7A4F7556}") = "dajet-code-generator", "dajet-code-generator\dajet-code-generator.csproj", "{7AB78D95-2154-4BE1-ACB5-1A33B2C71466}"
EndProject
Project("{9A19103F-16F7-4668-BE54-9A1E7A4F7556}") = "test-code-generator", "test-code-generator\test-code-generator.csproj", "{4253C759-7F5A-4304-9D4F-5DBFD00E17C0}"
EndProject
Project("{FAE04EC0-301F-11D3-BF4B-00C04F79EFBC}") = "dajet-gen-view", "dajet-gen-view\dajet-gen-view.csproj", "{4B353AA4-F3AB-46FD-82A4-A4705832CE32}"
EndProject
Global
	GlobalSection(SolutionConfigurationPlatforms) = preSolution
		Debug|Any CPU = Debug|Any CPU
		Release|Any CPU = Release|Any CPU
	EndGlobalSection
	GlobalSection(ProjectConfigurationPlatforms) = postSolution
		{12108439-65CD-471E-87F3-FFF0E09DD56F}.Debug|Any CPU.ActiveCfg = Debug|Any CPU
		{12108439-65CD-471E-87F3-FFF0E09DD56F}.Debug|Any CPU.Build.0 = Debug|Any CPU
		{12108439-65CD-471E-87F3-FFF0E09DD56F}.Release|Any CPU.ActiveCfg = Release|Any CPU
		{12108439-65CD-471E-87F3-FFF0E09DD56F}.Release|Any CPU.Build.0 = Release|Any CPU
		{C7E0E8B2-B19D-4EB2-BDE7-7095C8AAF41F}.Debug|Any CPU.ActiveCfg = Debug|Any CPU
		{C7E0E8B2-B19D-4EB2-BDE7-7095C8AAF41F}.Debug|Any CPU.Build.0 = Debug|Any CPU
		{C7E0E8B2-B19D-4EB2-BDE7-7095C8AAF41F}.Release|Any CPU.ActiveCfg = Release|Any CPU
		{C7E0E8B2-B19D-4EB2-BDE7-7095C8AAF41F}.Release|Any CPU.Build.0 = Release|Any CPU
		{FA340672-33BF-4FF6-BE42-D48C68E29AA3}.Debug|Any CPU.ActiveCfg = Debug|Any CPU
		{FA340672-33BF-4FF6-BE42-D48C68E29AA3}.Debug|Any CPU.Build.0 = Debug|Any CPU
		{FA340672-33BF-4FF6-BE42-D48C68E29AA3}.Release|Any CPU.ActiveCfg = Release|Any CPU
		{FA340672-33BF-4FF6-BE42-D48C68E29AA3}.Release|Any CPU.Build.0 = Release|Any CPU
		{7AB78D95-2154-4BE1-ACB5-1A33B2C71466}.Debug|Any CPU.ActiveCfg = Debug|Any CPU
		{7AB78D95-2154-4BE1-ACB5-1A33B2C71466}.Debug|Any CPU.Build.0 = Debug|Any CPU
		{7AB78D95-2154-4BE1-ACB5-1A33B2C71466}.Release|Any CPU.ActiveCfg = Release|Any CPU
		{7AB78D95-2154-4BE1-ACB5-1A33B2C71466}.Release|Any CPU.Build.0 = Release|Any CPU
		{4253C759-7F5A-4304-9D4F-5DBFD00E17C0}.Debug|Any CPU.ActiveCfg = Debug|Any CPU
		{4253C759-7F5A-4304-9D4F-5DBFD00E17C0}.Debug|Any CPU.Build.0 = Debug|Any CPU
		{4253C759-7F5A-4304-9D4F-5DBFD00E17C0}.Release|Any CPU.ActiveCfg = Release|Any CPU
		{4253C759-7F5A-4304-9D4F-5DBFD00E17C0}.Release|Any CPU.Build.0 = Release|Any CPU
		{4B353AA4-F3AB-46FD-82A4-A4705832CE32}.Debug|Any CPU.ActiveCfg = Debug|Any CPU
		{4B353AA4-F3AB-46FD-82A4-A4705832CE32}.Debug|Any CPU.Build.0 = Debug|Any CPU
		{4B353AA4-F3AB-46FD-82A4-A4705832CE32}.Release|Any CPU.ActiveCfg = Release|Any CPU
		{4B353AA4-F3AB-46FD-82A4-A4705832CE32}.Release|Any CPU.Build.0 = Release|Any CPU
	EndGlobalSection
	GlobalSection(SolutionProperties) = preSolution
		HideSolutionNode = FALSE
	EndGlobalSection
	GlobalSection(ExtensibilityGlobals) = postSolution
		SolutionGuid = {0DECD45E-541F-4A4D-8B61-FED925E1B368}
	EndGlobalSection
EndGlobal
